
Microsoft Visual Studio Solution File, Format Version 12.00
# Visual Studio 2013
VisualStudioVersion = 12.0.31101.0
MinimumVisualStudioVersion = 10.0.40219.1
Project("{2150E333-8FDC-42A3-9474-1A3956D46DE8}") = "Core", "Core", "{72F0B3F0-CB0B-4801-9159-0EA6B311BC65}"
EndProject
Project("{2150E333-8FDC-42A3-9474-1A3956D46DE8}") = "Common", "Common", "{BC6FCB2C-FF48-46F7-A043-19C6DBEBA745}"
EndProject
Project("{2150E333-8FDC-42A3-9474-1A3956D46DE8}") = "Client", "Client", "{2F2425DF-8816-4055-8BB1-8FD0C43FF13D}"
EndProject
Project("{2150E333-8FDC-42A3-9474-1A3956D46DE8}") = "Business", "Business", "{5EEB67B6-CEB1-4A60-A757-A42FA9517508}"
EndProject
Project("{2150E333-8FDC-42A3-9474-1A3956D46DE8}") = "Tests", "Tests", "{1C44D40D-A236-48CE-8868-04158664A35B}"
EndProject
Project("{FAE04EC0-301F-11D3-BF4B-00C04F79EFBC}") = "Core.Common", "Core.Common\Core.Common.csproj", "{CABB613A-3A37-4BD5-A872-1B4362A6EB01}"
EndProject
Project("{FAE04EC0-301F-11D3-BF4B-00C04F79EFBC}") = "Core.Common.Contracts", "Core.Common.Contracts\Core.Common.Contracts.csproj", "{68F6783F-E557-42A2-9D9C-35398E87DBA4}"
EndProject
Project("{2150E333-8FDC-42A3-9474-1A3956D46DE8}") = ".nuget", ".nuget", "{D93A861A-5ACD-4647-90C8-BD87E805DF00}"
	ProjectSection(SolutionItems) = preProject
		.nuget\NuGet.Config = .nuget\NuGet.Config
		.nuget\NuGet.exe = .nuget\NuGet.exe
		.nuget\NuGet.targets = .nuget\NuGet.targets
	EndProjectSection
EndProject
Project("{FAE04EC0-301F-11D3-BF4B-00C04F79EFBC}") = "CarRental.Business.Entities", "CarRental.Business.Entities\CarRental.Business.Entities.csproj", "{E48CC117-0E92-4AB7-B666-8FE18FFAA56A}"
EndProject
Project("{FAE04EC0-301F-11D3-BF4B-00C04F79EFBC}") = "CarRental.Client.Entities", "CarRental.Client.Entities\CarRental.Client.Entities.csproj", "{765FB6FB-4507-429F-B8BD-41358B18C400}"
EndProject
Project("{FAE04EC0-301F-11D3-BF4B-00C04F79EFBC}") = "Core.Common.Tests", "Core.Common.Tests\Core.Common.Tests.csproj", "{934450D9-4372-4B87-A373-D094D091BBCA}"
EndProject
Project("{2150E333-8FDC-42A3-9474-1A3956D46DE8}") = "ResourceAccess", "ResourceAccess", "{476C103B-AD1F-4C94-A348-C9DD6E062993}"
EndProject
Project("{FAE04EC0-301F-11D3-BF4B-00C04F79EFBC}") = "CarRental.Data", "CarRental.Data\CarRental.Data.csproj", "{72C8FB1C-BD46-4296-82CF-FB97593AFE23}"
EndProject
Project("{FAE04EC0-301F-11D3-BF4B-00C04F79EFBC}") = "CarRental.Data.Contract", "CarRental.Contract\CarRental.Data.Contract.csproj", "{8AA2FCD4-71B5-44A1-A52E-41075DF92962}"
EndProject
Project("{FAE04EC0-301F-11D3-BF4B-00C04F79EFBC}") = "CarRental.Business.Boostraper", "CarRental.Boostraper\CarRental.Business.Boostraper.csproj", "{A45D93E8-F3F4-4F06-94F4-E49BD284A099}"
EndProject
Project("{FAE04EC0-301F-11D3-BF4B-00C04F79EFBC}") = "CarRental.Data.Tests", "CarRental.Data.Tests\CarRental.Data.Tests.csproj", "{FB4ACAA6-609F-41E3-8226-41E16DE4493C}"
EndProject
Project("{FAE04EC0-301F-11D3-BF4B-00C04F79EFBC}") = "CarRental.Business.Contracts", "CarRental.Business.Contracts\CarRental.Business.Contracts.csproj", "{75FA28A5-EF6C-4287-B483-9AA25A9517A5}"
EndProject
Project("{FAE04EC0-301F-11D3-BF4B-00C04F79EFBC}") = "CarRental.Business.Manager", "CarRental.Business.Manager\CarRental.Business.Manager.csproj", "{2249F644-6DB2-49A5-9704-E21F5FC339AC}"
EndProject
Project("{FAE04EC0-301F-11D3-BF4B-00C04F79EFBC}") = "Core.Common.ServiceModel", "Core.Common.ServiceModel\Core.Common.ServiceModel.csproj", "{171FB9B4-0089-46C4-A9DB-F44F6ECBED9C}"
EndProject
Project("{FAE04EC0-301F-11D3-BF4B-00C04F79EFBC}") = "CarRental.Business", "CarRental.Business\CarRental.Business.csproj", "{261C2D32-565C-49D4-B1CE-887B0A26CAA6}"
EndProject
Project("{FAE04EC0-301F-11D3-BF4B-00C04F79EFBC}") = "CarRental.Business.Common", "CarRental.Business.Common\CarRental.Business.Common.csproj", "{A402F1A7-C614-444B-BDAB-1B8666B83F31}"
EndProject
Project("{FAE04EC0-301F-11D3-BF4B-00C04F79EFBC}") = "CarRental.Common", "CarRental.Common\CarRental.Common.csproj", "{B35DC17F-B89F-4FF5-B5C0-9DA4F0D8F6A3}"
EndProject
Project("{FAE04EC0-301F-11D3-BF4B-00C04F79EFBC}") = "CarRental.Bussines.Tests", "CarRental.Bussines.Tests\CarRental.Bussines.Tests.csproj", "{BEE89653-E5F2-46D9-87A3-0D79AE9C5B30}"
EndProject
Project("{FAE04EC0-301F-11D3-BF4B-00C04F79EFBC}") = "CarRental.Business.Managers.Tests", "CarRental.Business.Managers.Tests\CarRental.Business.Managers.Tests.csproj", "{69C12D41-D3F5-4973-AF47-E43B50708322}"
EndProject
Project("{2150E333-8FDC-42A3-9474-1A3956D46DE8}") = "Hosting", "Hosting", "{73CA12BF-1D77-4740-B8C9-3BBB730D7A6E}"
EndProject
Project("{FAE04EC0-301F-11D3-BF4B-00C04F79EFBC}") = "CarRental.ServiceHost.Console", "CarRental.ServiceHost.Console\CarRental.ServiceHost.Console.csproj", "{5C2434EF-8961-46BE-B982-B0B3A184FED1}"
EndProject
Project("{FAE04EC0-301F-11D3-BF4B-00C04F79EFBC}") = "CarRental.ServiceHost.Tests", "CarRental.ServiceHost.Tests\CarRental.ServiceHost.Tests.csproj", "{84C8FBF2-3E71-4D25-BBE2-7122229981DE}"
EndProject
Global
	GlobalSection(SolutionConfigurationPlatforms) = preSolution
		Debug|Any CPU = Debug|Any CPU
		Release|Any CPU = Release|Any CPU
	EndGlobalSection
	GlobalSection(ProjectConfigurationPlatforms) = postSolution
		{CABB613A-3A37-4BD5-A872-1B4362A6EB01}.Debug|Any CPU.ActiveCfg = Debug|Any CPU
		{CABB613A-3A37-4BD5-A872-1B4362A6EB01}.Debug|Any CPU.Build.0 = Debug|Any CPU
		{CABB613A-3A37-4BD5-A872-1B4362A6EB01}.Release|Any CPU.ActiveCfg = Release|Any CPU
		{CABB613A-3A37-4BD5-A872-1B4362A6EB01}.Release|Any CPU.Build.0 = Release|Any CPU
		{68F6783F-E557-42A2-9D9C-35398E87DBA4}.Debug|Any CPU.ActiveCfg = Debug|Any CPU
		{68F6783F-E557-42A2-9D9C-35398E87DBA4}.Debug|Any CPU.Build.0 = Debug|Any CPU
		{68F6783F-E557-42A2-9D9C-35398E87DBA4}.Release|Any CPU.ActiveCfg = Release|Any CPU
		{68F6783F-E557-42A2-9D9C-35398E87DBA4}.Release|Any CPU.Build.0 = Release|Any CPU
		{E48CC117-0E92-4AB7-B666-8FE18FFAA56A}.Debug|Any CPU.ActiveCfg = Debug|Any CPU
		{E48CC117-0E92-4AB7-B666-8FE18FFAA56A}.Debug|Any CPU.Build.0 = Debug|Any CPU
		{E48CC117-0E92-4AB7-B666-8FE18FFAA56A}.Release|Any CPU.ActiveCfg = Release|Any CPU
		{E48CC117-0E92-4AB7-B666-8FE18FFAA56A}.Release|Any CPU.Build.0 = Release|Any CPU
		{765FB6FB-4507-429F-B8BD-41358B18C400}.Debug|Any CPU.ActiveCfg = Debug|Any CPU
		{765FB6FB-4507-429F-B8BD-41358B18C400}.Debug|Any CPU.Build.0 = Debug|Any CPU
		{765FB6FB-4507-429F-B8BD-41358B18C400}.Release|Any CPU.ActiveCfg = Release|Any CPU
		{765FB6FB-4507-429F-B8BD-41358B18C400}.Release|Any CPU.Build.0 = Release|Any CPU
		{934450D9-4372-4B87-A373-D094D091BBCA}.Debug|Any CPU.ActiveCfg = Debug|Any CPU
		{934450D9-4372-4B87-A373-D094D091BBCA}.Debug|Any CPU.Build.0 = Debug|Any CPU
		{934450D9-4372-4B87-A373-D094D091BBCA}.Release|Any CPU.ActiveCfg = Release|Any CPU
		{934450D9-4372-4B87-A373-D094D091BBCA}.Release|Any CPU.Build.0 = Release|Any CPU
		{72C8FB1C-BD46-4296-82CF-FB97593AFE23}.Debug|Any CPU.ActiveCfg = Debug|Any CPU
		{72C8FB1C-BD46-4296-82CF-FB97593AFE23}.Debug|Any CPU.Build.0 = Debug|Any CPU
		{72C8FB1C-BD46-4296-82CF-FB97593AFE23}.Release|Any CPU.ActiveCfg = Release|Any CPU
		{72C8FB1C-BD46-4296-82CF-FB97593AFE23}.Release|Any CPU.Build.0 = Release|Any CPU
		{8AA2FCD4-71B5-44A1-A52E-41075DF92962}.Debug|Any CPU.ActiveCfg = Debug|Any CPU
		{8AA2FCD4-71B5-44A1-A52E-41075DF92962}.Debug|Any CPU.Build.0 = Debug|Any CPU
		{8AA2FCD4-71B5-44A1-A52E-41075DF92962}.Release|Any CPU.ActiveCfg = Release|Any CPU
		{8AA2FCD4-71B5-44A1-A52E-41075DF92962}.Release|Any CPU.Build.0 = Release|Any CPU
		{A45D93E8-F3F4-4F06-94F4-E49BD284A099}.Debug|Any CPU.ActiveCfg = Debug|Any CPU
		{A45D93E8-F3F4-4F06-94F4-E49BD284A099}.Debug|Any CPU.Build.0 = Debug|Any CPU
		{A45D93E8-F3F4-4F06-94F4-E49BD284A099}.Debug|Any CPU.Deploy.0 = Debug|Any CPU
		{A45D93E8-F3F4-4F06-94F4-E49BD284A099}.Release|Any CPU.ActiveCfg = Release|Any CPU
		{A45D93E8-F3F4-4F06-94F4-E49BD284A099}.Release|Any CPU.Build.0 = Release|Any CPU
		{A45D93E8-F3F4-4F06-94F4-E49BD284A099}.Release|Any CPU.Deploy.0 = Release|Any CPU
		{FB4ACAA6-609F-41E3-8226-41E16DE4493C}.Debug|Any CPU.ActiveCfg = Debug|Any CPU
		{FB4ACAA6-609F-41E3-8226-41E16DE4493C}.Debug|Any CPU.Build.0 = Debug|Any CPU
		{FB4ACAA6-609F-41E3-8226-41E16DE4493C}.Release|Any CPU.ActiveCfg = Release|Any CPU
		{FB4ACAA6-609F-41E3-8226-41E16DE4493C}.Release|Any CPU.Build.0 = Release|Any CPU
		{75FA28A5-EF6C-4287-B483-9AA25A9517A5}.Debug|Any CPU.ActiveCfg = Debug|Any CPU
		{75FA28A5-EF6C-4287-B483-9AA25A9517A5}.Debug|Any CPU.Build.0 = Debug|Any CPU
		{75FA28A5-EF6C-4287-B483-9AA25A9517A5}.Release|Any CPU.ActiveCfg = Release|Any CPU
		{75FA28A5-EF6C-4287-B483-9AA25A9517A5}.Release|Any CPU.Build.0 = Release|Any CPU
		{75FA28A5-EF6C-4287-B483-9AA25A9517A5}.Release|Any CPU.Deploy.0 = Release|Any CPU
		{2249F644-6DB2-49A5-9704-E21F5FC339AC}.Debug|Any CPU.ActiveCfg = Debug|Any CPU
		{2249F644-6DB2-49A5-9704-E21F5FC339AC}.Debug|Any CPU.Build.0 = Debug|Any CPU
		{2249F644-6DB2-49A5-9704-E21F5FC339AC}.Release|Any CPU.ActiveCfg = Release|Any CPU
		{2249F644-6DB2-49A5-9704-E21F5FC339AC}.Release|Any CPU.Build.0 = Release|Any CPU
		{171FB9B4-0089-46C4-A9DB-F44F6ECBED9C}.Debug|Any CPU.ActiveCfg = Debug|Any CPU
		{171FB9B4-0089-46C4-A9DB-F44F6ECBED9C}.Debug|Any CPU.Build.0 = Debug|Any CPU
		{171FB9B4-0089-46C4-A9DB-F44F6ECBED9C}.Release|Any CPU.ActiveCfg = Release|Any CPU
		{171FB9B4-0089-46C4-A9DB-F44F6ECBED9C}.Release|Any CPU.Build.0 = Release|Any CPU
		{171FB9B4-0089-46C4-A9DB-F44F6ECBED9C}.Release|Any CPU.Deploy.0 = Release|Any CPU
		{261C2D32-565C-49D4-B1CE-887B0A26CAA6}.Debug|Any CPU.ActiveCfg = Debug|Any CPU
		{261C2D32-565C-49D4-B1CE-887B0A26CAA6}.Debug|Any CPU.Build.0 = Debug|Any CPU
		{261C2D32-565C-49D4-B1CE-887B0A26CAA6}.Release|Any CPU.ActiveCfg = Release|Any CPU
		{261C2D32-565C-49D4-B1CE-887B0A26CAA6}.Release|Any CPU.Build.0 = Release|Any CPU
		{261C2D32-565C-49D4-B1CE-887B0A26CAA6}.Release|Any CPU.Deploy.0 = Release|Any CPU
		{A402F1A7-C614-444B-BDAB-1B8666B83F31}.Debug|Any CPU.ActiveCfg = Debug|Any CPU
		{A402F1A7-C614-444B-BDAB-1B8666B83F31}.Debug|Any CPU.Build.0 = Debug|Any CPU
		{A402F1A7-C614-444B-BDAB-1B8666B83F31}.Release|Any CPU.ActiveCfg = Release|Any CPU
		{A402F1A7-C614-444B-BDAB-1B8666B83F31}.Release|Any CPU.Build.0 = Release|Any CPU
		{B35DC17F-B89F-4FF5-B5C0-9DA4F0D8F6A3}.Debug|Any CPU.ActiveCfg = Debug|Any CPU
		{B35DC17F-B89F-4FF5-B5C0-9DA4F0D8F6A3}.Debug|Any CPU.Build.0 = Debug|Any CPU
		{B35DC17F-B89F-4FF5-B5C0-9DA4F0D8F6A3}.Release|Any CPU.ActiveCfg = Release|Any CPU
		{B35DC17F-B89F-4FF5-B5C0-9DA4F0D8F6A3}.Release|Any CPU.Build.0 = Release|Any CPU
		{BEE89653-E5F2-46D9-87A3-0D79AE9C5B30}.Debug|Any CPU.ActiveCfg = Debug|Any CPU
		{BEE89653-E5F2-46D9-87A3-0D79AE9C5B30}.Debug|Any CPU.Build.0 = Debug|Any CPU
		{BEE89653-E5F2-46D9-87A3-0D79AE9C5B30}.Release|Any CPU.ActiveCfg = Release|Any CPU
		{BEE89653-E5F2-46D9-87A3-0D79AE9C5B30}.Release|Any CPU.Build.0 = Release|Any CPU
		{BEE89653-E5F2-46D9-87A3-0D79AE9C5B30}.Release|Any CPU.Deploy.0 = Release|Any CPU
		{69C12D41-D3F5-4973-AF47-E43B50708322}.Debug|Any CPU.ActiveCfg = Debug|Any CPU
		{69C12D41-D3F5-4973-AF47-E43B50708322}.Debug|Any CPU.Build.0 = Debug|Any CPU
		{69C12D41-D3F5-4973-AF47-E43B50708322}.Release|Any CPU.ActiveCfg = Release|Any CPU
		{69C12D41-D3F5-4973-AF47-E43B50708322}.Release|Any CPU.Build.0 = Release|Any CPU
		{5C2434EF-8961-46BE-B982-B0B3A184FED1}.Debug|Any CPU.ActiveCfg = Debug|Any CPU
		{5C2434EF-8961-46BE-B982-B0B3A184FED1}.Debug|Any CPU.Build.0 = Debug|Any CPU
		{5C2434EF-8961-46BE-B982-B0B3A184FED1}.Release|Any CPU.ActiveCfg = Release|Any CPU
		{5C2434EF-8961-46BE-B982-B0B3A184FED1}.Release|Any CPU.Build.0 = Release|Any CPU
		{84C8FBF2-3E71-4D25-BBE2-7122229981DE}.Debug|Any CPU.ActiveCfg = Debug|Any CPU
		{84C8FBF2-3E71-4D25-BBE2-7122229981DE}.Debug|Any CPU.Build.0 = Debug|Any CPU
		{84C8FBF2-3E71-4D25-BBE2-7122229981DE}.Release|Any CPU.ActiveCfg = Release|Any CPU
		{84C8FBF2-3E71-4D25-BBE2-7122229981DE}.Release|Any CPU.Build.0 = Release|Any CPU
	EndGlobalSection
	GlobalSection(SolutionProperties) = preSolution
		HideSolutionNode = FALSE
	EndGlobalSection
	GlobalSection(NestedProjects) = preSolution
		{CABB613A-3A37-4BD5-A872-1B4362A6EB01} = {72F0B3F0-CB0B-4801-9159-0EA6B311BC65}
		{68F6783F-E557-42A2-9D9C-35398E87DBA4} = {72F0B3F0-CB0B-4801-9159-0EA6B311BC65}
		{E48CC117-0E92-4AB7-B666-8FE18FFAA56A} = {5EEB67B6-CEB1-4A60-A757-A42FA9517508}
		{765FB6FB-4507-429F-B8BD-41358B18C400} = {2F2425DF-8816-4055-8BB1-8FD0C43FF13D}
		{934450D9-4372-4B87-A373-D094D091BBCA} = {1C44D40D-A236-48CE-8868-04158664A35B}
		{72C8FB1C-BD46-4296-82CF-FB97593AFE23} = {476C103B-AD1F-4C94-A348-C9DD6E062993}
		{8AA2FCD4-71B5-44A1-A52E-41075DF92962} = {476C103B-AD1F-4C94-A348-C9DD6E062993}
		{A45D93E8-F3F4-4F06-94F4-E49BD284A099} = {5EEB67B6-CEB1-4A60-A757-A42FA9517508}
		{FB4ACAA6-609F-41E3-8226-41E16DE4493C} = {1C44D40D-A236-48CE-8868-04158664A35B}
		{75FA28A5-EF6C-4287-B483-9AA25A9517A5} = {5EEB67B6-CEB1-4A60-A757-A42FA9517508}
		{2249F644-6DB2-49A5-9704-E21F5FC339AC} = {5EEB67B6-CEB1-4A60-A757-A42FA9517508}
		{171FB9B4-0089-46C4-A9DB-F44F6ECBED9C} = {72F0B3F0-CB0B-4801-9159-0EA6B311BC65}
		{261C2D32-565C-49D4-B1CE-887B0A26CAA6} = {5EEB67B6-CEB1-4A60-A757-A42FA9517508}
		{A402F1A7-C614-444B-BDAB-1B8666B83F31} = {5EEB67B6-CEB1-4A60-A757-A42FA9517508}
		{B35DC17F-B89F-4FF5-B5C0-9DA4F0D8F6A3} = {BC6FCB2C-FF48-46F7-A043-19C6DBEBA745}
		{BEE89653-E5F2-46D9-87A3-0D79AE9C5B30} = {1C44D40D-A236-48CE-8868-04158664A35B}
		{69C12D41-D3F5-4973-AF47-E43B50708322} = {1C44D40D-A236-48CE-8868-04158664A35B}
		{5C2434EF-8961-46BE-B982-B0B3A184FED1} = {73CA12BF-1D77-4740-B8C9-3BBB730D7A6E}
		{84C8FBF2-3E71-4D25-BBE2-7122229981DE} = {1C44D40D-A236-48CE-8868-04158664A35B}
	EndGlobalSection
EndGlobal
